<?xml version="1.0" encoding="utf-8"?>
<Project ToolsVersion="4.0" xmlns="http://schemas.microsoft.com/developer/msbuild/2003">
  <ItemGroup>
    <Filter Include="Source Files">
      <UniqueIdentifier>{4FC737F1-C7A5-4376-A066-2A32D752A2FF}</UniqueIdentifier>
      <Extensions>cpp;c;cc;cxx;c++;cppm;ixx;def;odl;idl;hpj;bat;asm;asmx</Extensions>
    </Filter>
    <Filter Include="Resource Files">
      <UniqueIdentifier>{67DA6AB6-F800-4c08-8B7A-83BB121AAD01}</UniqueIdentifier>
      <Extensions>rc;ico;cur;bmp;dlg;rc2;rct;bin;rgs;gif;jpg;jpeg;jpe;resx;tiff;tif;png;wav;mfcribbon-ms</Extensions>
    </Filter>
    <Filter Include="InGame">
      <UniqueIdentifier>{7c1a3efd-9229-4ed4-9666-3c5731b6bacf}</UniqueIdentifier>
    </Filter>
  </ItemGroup>
  <ItemGroup>
    <ClCompile Include="Test02ProgrammersGameMapShortest.cpp">
      <Filter>Source Files</Filter>
    </ClCompile>
    <ClCompile Include="Test01ProgrammersFailrate.cpp">
      <Filter>Source Files</Filter>
    </ClCompile>
    <ClCompile Include="Test01ProgammersSumTwo.cpp">
      <Filter>Source Files</Filter>
    </ClCompile>
    <ClCompile Include="Test01ProgrammersYearWeek.cpp">
      <Filter>Source Files</Filter>
    </ClCompile>
    <ClCompile Include="Test01ProgrammersMinSquare.cpp">
      <Filter>Source Files</Filter>
    </ClCompile>
    <ClCompile Include="Test01ProgrammersDFSPhoto.cpp">
      <Filter>Source Files</Filter>
    </ClCompile>
    <ClCompile Include="Test00ProgrammersSupercat03.cpp">
      <Filter>InGame</Filter>
    </ClCompile>
    <ClCompile Include="Test02ProgrammersDistancedCkeck.cpp">
      <Filter>Source Files</Filter>
    </ClCompile>
    <ClCompile Include="Test01ProgrammersGetDivisors.cpp">
      <Filter>Source Files</Filter>
    </ClCompile>
    <ClCompile Include="Test01ProgrammersCollatz.cpp">
      <Filter>Source Files</Filter>
    </ClCompile>
    <ClCompile Include="Test02Programmers124.cpp">
      <Filter>Source Files</Filter>
    </ClCompile>
    <ClCompile Include="Test01ProgrammersKeypadLevel1.cpp">
      <Filter>Source Files</Filter>
    </ClCompile>
    <ClCompile Include="Test01ProgrammersDartGame.cpp">
      <Filter>Source Files</Filter>
    </ClCompile>
    <ClCompile Include="Test03ProgrammersFarthestNode.cpp">
      <Filter>Source Files</Filter>
    </ClCompile>
    <ClCompile Include="Test00ProgrammersSupercat01.cpp">
      <Filter>InGame</Filter>
    </ClCompile>
    <ClCompile Include="Test03ProgrammersJingGumBridge.cpp">
      <Filter>Source Files</Filter>
    </ClCompile>
    <ClCompile Include="Test01ProgrammersRightSquare.cpp">
      <Filter>Source Files</Filter>
    </ClCompile>
    <ClCompile Include="Test00Programmers.cpp">
      <Filter>Source Files</Filter>
    </ClCompile>
    <ClCompile Include="Test01ProgrammersOpenChattingRoom.cpp">
      <Filter>Source Files</Filter>
    </ClCompile>
    <ClCompile Include="Test01ProgrammersMBTI.cpp">
      <Filter>Source Files</Filter>
    </ClCompile>
  </ItemGroup>
</Project>